
Microsoft Visual Studio Solution File, Format Version 12.00
# Visual Studio Version 17
VisualStudioVersion = 17.7.34202.233
MinimumVisualStudioVersion = 10.0.40219.1
Project("{FAE04EC0-301F-11D3-BF4B-00C04F79EFBC}") = "PleaseWorkIteration2", "PleaseWorkIteration2.csproj", "{5E3EFB95-26E7-4CEA-B8EB-7FE3DE254948}"
EndProject
Project("{FAE04EC0-301F-11D3-BF4B-00C04F79EFBC}") = "PleaseWorkIteration2Tests", "..\PleaseWorkIteration2Tests\PleaseWorkIteration2Tests.csproj", "{B7C9C6F7-3F36-4BA5-81AA-BBFC8C1FC225}"
EndProject
Global
	GlobalSection(SolutionConfigurationPlatforms) = preSolution
		Debug|Any CPU = Debug|Any CPU
		Release|Any CPU = Release|Any CPU
	EndGlobalSection
	GlobalSection(ProjectConfigurationPlatforms) = postSolution
		{5E3EFB95-26E7-4CEA-B8EB-7FE3DE254948}.Debug|Any CPU.ActiveCfg = Debug|Any CPU
		{5E3EFB95-26E7-4CEA-B8EB-7FE3DE254948}.Debug|Any CPU.Build.0 = Debug|Any CPU
		{5E3EFB95-26E7-4CEA-B8EB-7FE3DE254948}.Release|Any CPU.ActiveCfg = Release|Any CPU
		{5E3EFB95-26E7-4CEA-B8EB-7FE3DE254948}.Release|Any CPU.Build.0 = Release|Any CPU
		{B7C9C6F7-3F36-4BA5-81AA-BBFC8C1FC225}.Debug|Any CPU.ActiveCfg = Debug|Any CPU
		{B7C9C6F7-3F36-4BA5-81AA-BBFC8C1FC225}.Debug|Any CPU.Build.0 = Debug|Any CPU
		{B7C9C6F7-3F36-4BA5-81AA-BBFC8C1FC225}.Release|Any CPU.ActiveCfg = Release|Any CPU
		{B7C9C6F7-3F36-4BA5-81AA-BBFC8C1FC225}.Release|Any CPU.Build.0 = Release|Any CPU
	EndGlobalSection
	GlobalSection(SolutionProperties) = preSolution
		HideSolutionNode = FALSE
	EndGlobalSection
	GlobalSection(ExtensibilityGlobals) = postSolution
		SolutionGuid = {8A89E210-F478-4E13-8FAB-3F69A7386286}
	EndGlobalSection
EndGlobal
